// !$*UTF8*$!
{
	archiveVersion = 1;
	classes = {
	};
	objectVersion = 50;
	objects = {

/* Begin PBXBuildFile section */
		0110CBE422D1C8AD00599656 /* ReactiveIconView.swift in Sources */ = {isa = PBXBuildFile; fileRef = 0110CBE222D1C8AD00599656 /* ReactiveIconView.swift */; };
		0110CBE522D1C8AD00599656 /* ReactiveView.swift in Sources */ = {isa = PBXBuildFile; fileRef = 0110CBE322D1C8AD00599656 /* ReactiveView.swift */; };
		01319B5222D833E200D76D1F /* ReactionViewTests.swift in Sources */ = {isa = PBXBuildFile; fileRef = 01319B5122D833E200D76D1F /* ReactionViewTests.swift */; };
		016732F322D13EA000BD1D74 /* AppDelegate.swift in Sources */ = {isa = PBXBuildFile; fileRef = 016732F222D13EA000BD1D74 /* AppDelegate.swift */; };
		016732F522D13EA000BD1D74 /* ViewController.swift in Sources */ = {isa = PBXBuildFile; fileRef = 016732F422D13EA000BD1D74 /* ViewController.swift */; };
		016732FA22D13EA200BD1D74 /* Assets.xcassets in Resources */ = {isa = PBXBuildFile; fileRef = 016732F922D13EA200BD1D74 /* Assets.xcassets */; };
		016732FD22D13EA200BD1D74 /* LaunchScreen.storyboard in Resources */ = {isa = PBXBuildFile; fileRef = 016732FB22D13EA200BD1D74 /* LaunchScreen.storyboard */; };
		017D545C22D8038D001FE73B /* TestingClass.swift in Sources */ = {isa = PBXBuildFile; fileRef = 017D545B22D8038D001FE73B /* TestingClass.swift */; };
/* End PBXBuildFile section */

/* Begin PBXContainerItemProxy section */
		01319B5422D833E300D76D1F /* PBXContainerItemProxy */ = {
			isa = PBXContainerItemProxy;
			containerPortal = 016732E722D13EA000BD1D74 /* Project object */;
			proxyType = 1;
			remoteGlobalIDString = 016732EE22D13EA000BD1D74;
			remoteInfo = ReactionView;
		};
/* End PBXContainerItemProxy section */

/* Begin PBXFileReference section */
		0110CBE222D1C8AD00599656 /* ReactiveIconView.swift */ = {isa = PBXFileReference; fileEncoding = 4; lastKnownFileType = sourcecode.swift; path = ReactiveIconView.swift; sourceTree = "<group>"; };
		0110CBE322D1C8AD00599656 /* ReactiveView.swift */ = {isa = PBXFileReference; fileEncoding = 4; lastKnownFileType = sourcecode.swift; path = ReactiveView.swift; sourceTree = "<group>"; };
		01319B4F22D833E200D76D1F /* ReactionViewTests.xctest */ = {isa = PBXFileReference; explicitFileType = wrapper.cfbundle; includeInIndex = 0; path = ReactionViewTests.xctest; sourceTree = BUILT_PRODUCTS_DIR; };
		01319B5122D833E200D76D1F /* ReactionViewTests.swift */ = {isa = PBXFileReference; lastKnownFileType = sourcecode.swift; path = ReactionViewTests.swift; sourceTree = "<group>"; };
		01319B5322D833E300D76D1F /* Info.plist */ = {isa = PBXFileReference; lastKnownFileType = text.plist.xml; path = Info.plist; sourceTree = "<group>"; };
		016732EF22D13EA000BD1D74 /* ReactionView.app */ = {isa = PBXFileReference; explicitFileType = wrapper.application; includeInIndex = 0; path = ReactionView.app; sourceTree = BUILT_PRODUCTS_DIR; };
		016732F222D13EA000BD1D74 /* AppDelegate.swift */ = {isa = PBXFileReference; lastKnownFileType = sourcecode.swift; path = AppDelegate.swift; sourceTree = "<group>"; };
		016732F422D13EA000BD1D74 /* ViewController.swift */ = {isa = PBXFileReference; lastKnownFileType = sourcecode.swift; path = ViewController.swift; sourceTree = "<group>"; };
		016732F922D13EA200BD1D74 /* Assets.xcassets */ = {isa = PBXFileReference; lastKnownFileType = folder.assetcatalog; path = Assets.xcassets; sourceTree = "<group>"; };
		016732FC22D13EA200BD1D74 /* Base */ = {isa = PBXFileReference; lastKnownFileType = file.storyboard; name = Base; path = Base.lproj/LaunchScreen.storyboard; sourceTree = "<group>"; };
		016732FE22D13EA200BD1D74 /* Info.plist */ = {isa = PBXFileReference; lastKnownFileType = text.plist.xml; path = Info.plist; sourceTree = "<group>"; };
		017D545B22D8038D001FE73B /* TestingClass.swift */ = {isa = PBXFileReference; lastKnownFileType = sourcecode.swift; path = TestingClass.swift; sourceTree = "<group>"; };
/* End PBXFileReference section */

/* Begin PBXFrameworksBuildPhase section */
		01319B4C22D833E200D76D1F /* Frameworks */ = {
			isa = PBXFrameworksBuildPhase;
			buildActionMask = 2147483647;
			files = (
			);
			runOnlyForDeploymentPostprocessing = 0;
		};
		016732EC22D13EA000BD1D74 /* Frameworks */ = {
			isa = PBXFrameworksBuildPhase;
			buildActionMask = 2147483647;
			files = (
			);
			runOnlyForDeploymentPostprocessing = 0;
		};
/* End PBXFrameworksBuildPhase section */

/* Begin PBXGroup section */
		01319B5022D833E200D76D1F /* ReactionViewTests */ = {
			isa = PBXGroup;
			children = (
				01319B5122D833E200D76D1F /* ReactionViewTests.swift */,
				01319B5322D833E300D76D1F /* Info.plist */,
			);
			path = ReactionViewTests;
			sourceTree = "<group>";
		};
		016732E622D13EA000BD1D74 = {
			isa = PBXGroup;
			children = (
				016732F122D13EA000BD1D74 /* ReactionView */,
				01319B5022D833E200D76D1F /* ReactionViewTests */,
				016732F022D13EA000BD1D74 /* Products */,
			);
			sourceTree = "<group>";
		};
		016732F022D13EA000BD1D74 /* Products */ = {
			isa = PBXGroup;
			children = (
				016732EF22D13EA000BD1D74 /* ReactionView.app */,
				01319B4F22D833E200D76D1F /* ReactionViewTests.xctest */,
			);
			name = Products;
			sourceTree = "<group>";
		};
		016732F122D13EA000BD1D74 /* ReactionView */ = {
			isa = PBXGroup;
			children = (
				016732F222D13EA000BD1D74 /* AppDelegate.swift */,
				0110CBE322D1C8AD00599656 /* ReactiveView.swift */,
				0110CBE222D1C8AD00599656 /* ReactiveIconView.swift */,
				016732F422D13EA000BD1D74 /* ViewController.swift */,
				017D545B22D8038D001FE73B /* TestingClass.swift */,
				016732F922D13EA200BD1D74 /* Assets.xcassets */,
				016732FB22D13EA200BD1D74 /* LaunchScreen.storyboard */,
				016732FE22D13EA200BD1D74 /* Info.plist */,
			);
			path = ReactionView;
			sourceTree = "<group>";
		};
/* End PBXGroup section */

/* Begin PBXNativeTarget section */
		01319B4E22D833E200D76D1F /* ReactionViewTests */ = {
			isa = PBXNativeTarget;
			buildConfigurationList = 01319B5822D833E300D76D1F /* Build configuration list for PBXNativeTarget "ReactionViewTests" */;
			buildPhases = (
				01319B4B22D833E200D76D1F /* Sources */,
				01319B4C22D833E200D76D1F /* Frameworks */,
				01319B4D22D833E200D76D1F /* Resources */,
			);
			buildRules = (
			);
			dependencies = (
				01319B5522D833E300D76D1F /* PBXTargetDependency */,
			);
			name = ReactionViewTests;
			productName = ReactionViewTests;
			productReference = 01319B4F22D833E200D76D1F /* ReactionViewTests.xctest */;
			productType = "com.apple.product-type.bundle.unit-test";
		};
		016732EE22D13EA000BD1D74 /* ReactionView */ = {
			isa = PBXNativeTarget;
			buildConfigurationList = 0167330122D13EA200BD1D74 /* Build configuration list for PBXNativeTarget "ReactionView" */;
			buildPhases = (
				016732EB22D13EA000BD1D74 /* Sources */,
				016732EC22D13EA000BD1D74 /* Frameworks */,
				016732ED22D13EA000BD1D74 /* Resources */,
			);
			buildRules = (
			);
			dependencies = (
			);
			name = ReactionView;
			productName = ReactionView;
			productReference = 016732EF22D13EA000BD1D74 /* ReactionView.app */;
			productType = "com.apple.product-type.application";
		};
/* End PBXNativeTarget section */

/* Begin PBXProject section */
		016732E722D13EA000BD1D74 /* Project object */ = {
			isa = PBXProject;
			attributes = {
				LastSwiftUpdateCheck = 1020;
				LastUpgradeCheck = 1020;
				ORGANIZATIONNAME = "Cyril Garcia";
				TargetAttributes = {
					01319B4E22D833E200D76D1F = {
						CreatedOnToolsVersion = 10.2.1;
						TestTargetID = 016732EE22D13EA000BD1D74;
					};
					016732EE22D13EA000BD1D74 = {
						CreatedOnToolsVersion = 10.2.1;
					};
				};
			};
			buildConfigurationList = 016732EA22D13EA000BD1D74 /* Build configuration list for PBXProject "ReactionView" */;
			compatibilityVersion = "Xcode 9.3";
			developmentRegion = en;
			hasScannedForEncodings = 0;
			knownRegions = (
				en,
				Base,
			);
			mainGroup = 016732E622D13EA000BD1D74;
			productRefGroup = 016732F022D13EA000BD1D74 /* Products */;
			projectDirPath = "";
			projectRoot = "";
			targets = (
				016732EE22D13EA000BD1D74 /* ReactionView */,
				01319B4E22D833E200D76D1F /* ReactionViewTests */,
			);
		};
/* End PBXProject section */

/* Begin PBXResourcesBuildPhase section */
		01319B4D22D833E200D76D1F /* Resources */ = {
			isa = PBXResourcesBuildPhase;
			buildActionMask = 2147483647;
			files = (
			);
			runOnlyForDeploymentPostprocessing = 0;
		};
		016732ED22D13EA000BD1D74 /* Resources */ = {
			isa = PBXResourcesBuildPhase;
			buildActionMask = 2147483647;
			files = (
				016732FD22D13EA200BD1D74 /* LaunchScreen.storyboard in Resources */,
				016732FA22D13EA200BD1D74 /* Assets.xcassets in Resources */,
			);
			runOnlyForDeploymentPostprocessing = 0;
		};
/* End PBXResourcesBuildPhase section */

/* Begin PBXSourcesBuildPhase section */
		01319B4B22D833E200D76D1F /* Sources */ = {
			isa = PBXSourcesBuildPhase;
			buildActionMask = 2147483647;
			files = (
				01319B5222D833E200D76D1F /* ReactionViewTests.swift in Sources */,
			);
			runOnlyForDeploymentPostprocessing = 0;
		};
		016732EB22D13EA000BD1D74 /* Sources */ = {
			isa = PBXSourcesBuildPhase;
			buildActionMask = 2147483647;
			files = (
				017D545C22D8038D001FE73B /* TestingClass.swift in Sources */,
				016732F522D13EA000BD1D74 /* ViewController.swift in Sources */,
				0110CBE522D1C8AD00599656 /* ReactiveView.swift in Sources */,
				0110CBE422D1C8AD00599656 /* ReactiveIconView.swift in Sources */,
				016732F322D13EA000BD1D74 /* AppDelegate.swift in Sources */,
			);
			runOnlyForDeploymentPostprocessing = 0;
		};
/* End PBXSourcesBuildPhase section */

/* Begin PBXTargetDependency section */
		01319B5522D833E300D76D1F /* PBXTargetDependency */ = {
			isa = PBXTargetDependency;
			target = 016732EE22D13EA000BD1D74 /* ReactionView */;
			targetProxy = 01319B5422D833E300D76D1F /* PBXContainerItemProxy */;
		};
/* End PBXTargetDependency section */

/* Begin PBXVariantGroup section */
		016732FB22D13EA200BD1D74 /* LaunchScreen.storyboard */ = {
			isa = PBXVariantGroup;
			children = (
				016732FC22D13EA200BD1D74 /* Base */,
			);
			name = LaunchScreen.storyboard;
			sourceTree = "<group>";
		};
/* End PBXVariantGroup section */

/* Begin XCBuildConfiguration section */
		01319B5622D833E300D76D1F /* Debug */ = {
			isa = XCBuildConfiguration;
			buildSettings = {
				BUNDLE_LOADER = "$(TEST_HOST)";
				CODE_SIGN_STYLE = Automatic;
				DEVELOPMENT_TEAM = R986STKYJ7;
				INFOPLIST_FILE = ReactionViewTests/Info.plist;
				LD_RUNPATH_SEARCH_PATHS = (
					"$(inherited)",
					"@executable_path/Frameworks",
					"@loader_path/Frameworks",
				);
				PRODUCT_BUNDLE_IDENTIFIER = com.ByCyril.ReactionViewTests;
				PRODUCT_NAME = "$(TARGET_NAME)";
				SWIFT_VERSION = 5.0;
				TARGETED_DEVICE_FAMILY = "1,2";
				TEST_HOST = "$(BUILT_PRODUCTS_DIR)/ReactionView.app/ReactionView";
			};
			name = Debug;
		};
		01319B5722D833E300D76D1F /* Release */ = {
			isa = XCBuildConfiguration;
			buildSettings = {
				BUNDLE_LOADER = "$(TEST_HOST)";
				CODE_SIGN_STYLE = Automatic;
				DEVELOPMENT_TEAM = R986STKYJ7;
				INFOPLIST_FILE = ReactionViewTests/Info.plist;
				LD_RUNPATH_SEARCH_PATHS = (
					"$(inherited)",
					"@executable_path/Frameworks",
					"@loader_path/Frameworks",
				);
				PRODUCT_BUNDLE_IDENTIFIER = com.ByCyril.ReactionViewTests;
				PRODUCT_NAME = "$(TARGET_NAME)";
				SWIFT_VERSION = 5.0;
				TARGETED_DEVICE_FAMILY = "1,2";
				TEST_HOST = "$(BUILT_PRODUCTS_DIR)/ReactionView.app/ReactionView";
			};
			name = Release;
		};
		016732FF22D13EA200BD1D74 /* Debug */ = {
			isa = XCBuildConfiguration;
			buildSettings = {
				ALWAYS_SEARCH_USER_PATHS = NO;
				CLANG_ANALYZER_NONNULL = YES;
				CLANG_ANALYZER_NUMBER_OBJECT_CONVERSION = YES_AGGRESSIVE;
				CLANG_CXX_LANGUAGE_STANDARD = "gnu++14";
				CLANG_CXX_LIBRARY = "libc++";
				CLANG_ENABLE_MODULES = YES;
				CLANG_ENABLE_OBJC_ARC = YES;
				CLANG_ENABLE_OBJC_WEAK = YES;
				CLANG_WARN_BLOCK_CAPTURE_AUTORELEASING = YES;
				CLANG_WARN_BOOL_CONVERSION = YES;
				CLANG_WARN_COMMA = YES;
				CLANG_WARN_CONSTANT_CONVERSION = YES;
				CLANG_WARN_DEPRECATED_OBJC_IMPLEMENTATIONS = YES;
				CLANG_WARN_DIRECT_OBJC_ISA_USAGE = YES_ERROR;
				CLANG_WARN_DOCUMENTATION_COMMENTS = YES;
				CLANG_WARN_EMPTY_BODY = YES;
				CLANG_WARN_ENUM_CONVERSION = YES;
				CLANG_WARN_INFINITE_RECURSION = YES;
				CLANG_WARN_INT_CONVERSION = YES;
				CLANG_WARN_NON_LITERAL_NULL_CONVERSION = YES;
				CLANG_WARN_OBJC_IMPLICIT_RETAIN_SELF = YES;
				CLANG_WARN_OBJC_LITERAL_CONVERSION = YES;
				CLANG_WARN_OBJC_ROOT_CLASS = YES_ERROR;
				CLANG_WARN_RANGE_LOOP_ANALYSIS = YES;
				CLANG_WARN_STRICT_PROTOTYPES = YES;
				CLANG_WARN_SUSPICIOUS_MOVE = YES;
				CLANG_WARN_UNGUARDED_AVAILABILITY = YES_AGGRESSIVE;
				CLANG_WARN_UNREACHABLE_CODE = YES;
				CLANG_WARN__DUPLICATE_METHOD_MATCH = YES;
				CODE_SIGN_IDENTITY = "iPhone Developer";
				COPY_PHASE_STRIP = NO;
				DEBUG_INFORMATION_FORMAT = dwarf;
				ENABLE_STRICT_OBJC_MSGSEND = YES;
				ENABLE_TESTABILITY = YES;
				GCC_C_LANGUAGE_STANDARD = gnu11;
				GCC_DYNAMIC_NO_PIC = NO;
				GCC_NO_COMMON_BLOCKS = YES;
				GCC_OPTIMIZATION_LEVEL = 0;
				GCC_PREPROCESSOR_DEFINITIONS = (
					"DEBUG=1",
					"$(inherited)",
				);
				GCC_WARN_64_TO_32_BIT_CONVERSION = YES;
				GCC_WARN_ABOUT_RETURN_TYPE = YES_ERROR;
				GCC_WARN_UNDECLARED_SELECTOR = YES;
				GCC_WARN_UNINITIALIZED_AUTOS = YES_AGGRESSIVE;
				GCC_WARN_UNUSED_FUNCTION = YES;
				GCC_WARN_UNUSED_VARIABLE = YES;
				IPHONEOS_DEPLOYMENT_TARGET = 12.2;
				MTL_ENABLE_DEBUG_INFO = INCLUDE_SOURCE;
				MTL_FAST_MATH = YES;
				ONLY_ACTIVE_ARCH = YES;
				SDKROOT = iphoneos;
				SWIFT_ACTIVE_COMPILATION_CONDITIONS = DEBUG;
				SWIFT_OPTIMIZATION_LEVEL = "-Onone";
			};
			name = Debug;
		};
		0167330022D13EA200BD1D74 /* Release */ = {
			isa = XCBuildConfiguration;
			buildSettings = {
				ALWAYS_SEARCH_USER_PATHS = NO;
				CLANG_ANALYZER_NONNULL = YES;
				CLANG_ANALYZER_NUMBER_OBJECT_CONVERSION = YES_AGGRESSIVE;
				CLANG_CXX_LANGUAGE_STANDARD = "gnu++14";
				CLANG_CXX_LIBRARY = "libc++";
				CLANG_ENABLE_MODULES = YES;
				CLANG_ENABLE_OBJC_ARC = YES;
				CLANG_ENABLE_OBJC_WEAK = YES;
				CLANG_WARN_BLOCK_CAPTURE_AUTORELEASING = YES;
				CLANG_WARN_BOOL_CONVERSION = YES;
				CLANG_WARN_COMMA = YES;
				CLANG_WARN_CONSTANT_CONVERSION = YES;
				CLANG_WARN_DEPRECATED_OBJC_IMPLEMENTATIONS = YES;
				CLANG_WARN_DIRECT_OBJC_ISA_USAGE = YES_ERROR;
				CLANG_WARN_DOCUMENTATION_COMMENTS = YES;
				CLANG_WARN_EMPTY_BODY = YES;
				CLANG_WARN_ENUM_CONVERSION = YES;
				CLANG_WARN_INFINITE_RECURSION = YES;
				CLANG_WARN_INT_CONVERSION = YES;
				CLANG_WARN_NON_LITERAL_NULL_CONVERSION = YES;
				CLANG_WARN_OBJC_IMPLICIT_RETAIN_SELF = YES;
				CLANG_WARN_OBJC_LITERAL_CONVERSION = YES;
				CLANG_WARN_OBJC_ROOT_CLASS = YES_ERROR;
				CLANG_WARN_RANGE_LOOP_ANALYSIS = YES;
				CLANG_WARN_STRICT_PROTOTYPES = YES;
				CLANG_WARN_SUSPICIOUS_MOVE = YES;
				CLANG_WARN_UNGUARDED_AVAILABILITY = YES_AGGRESSIVE;
				CLANG_WARN_UNREACHABLE_CODE = YES;
				CLANG_WARN__DUPLICATE_METHOD_MATCH = YES;
				CODE_SIGN_IDENTITY = "iPhone Developer";
				COPY_PHASE_STRIP = NO;
				DEBUG_INFORMATION_FORMAT = "dwarf-with-dsym";
				ENABLE_NS_ASSERTIONS = NO;
				ENABLE_STRICT_OBJC_MSGSEND = YES;
				GCC_C_LANGUAGE_STANDARD = gnu11;
				GCC_NO_COMMON_BLOCKS = YES;
				GCC_WARN_64_TO_32_BIT_CONVERSION = YES;
				GCC_WARN_ABOUT_RETURN_TYPE = YES_ERROR;
				GCC_WARN_UNDECLARED_SELECTOR = YES;
				GCC_WARN_UNINITIALIZED_AUTOS = YES_AGGRESSIVE;
				GCC_WARN_UNUSED_FUNCTION = YES;
				GCC_WARN_UNUSED_VARIABLE = YES;
				IPHONEOS_DEPLOYMENT_TARGET = 12.2;
				MTL_ENABLE_DEBUG_INFO = NO;
				MTL_FAST_MATH = YES;
				SDKROOT = iphoneos;
				SWIFT_COMPILATION_MODE = wholemodule;
				SWIFT_OPTIMIZATION_LEVEL = "-O";
				VALIDATE_PRODUCT = YES;
			};
			name = Release;
		};
		0167330222D13EA200BD1D74 /* Debug */ = {
			isa = XCBuildConfiguration;
			buildSettings = {
				ASSETCATALOG_COMPILER_APPICON_NAME = AppIcon;
				CODE_SIGN_STYLE = Automatic;
				DEVELOPMENT_TEAM = R986STKYJ7;
				INFOPLIST_FILE = ReactionView/Info.plist;
				LD_RUNPATH_SEARCH_PATHS = (
					"$(inherited)",
					"@executable_path/Frameworks",
				);
				PRODUCT_BUNDLE_IDENTIFIER = com.ByCyril.ReactionView;
				PRODUCT_NAME = "$(TARGET_NAME)";
				SWIFT_VERSION = 5.0;
				TARGETED_DEVICE_FAMILY = "1,2";
			};
			name = Debug;
		};
		0167330322D13EA200BD1D74 /* Release */ = {
			isa = XCBuildConfiguration;
			buildSettings = {
				ASSETCATALOG_COMPILER_APPICON_NAME = AppIcon;
				CODE_SIGN_STYLE = Automatic;
				DEVELOPMENT_TEAM = R986STKYJ7;
				INFOPLIST_FILE = ReactionView/Info.plist;
				LD_RUNPATH_SEARCH_PATHS = (
					"$(inherited)",
					"@executable_path/Frameworks",
				);
				PRODUCT_BUNDLE_IDENTIFIER = com.ByCyril.ReactionView;
				PRODUCT_NAME = "$(TARGET_NAME)";
				SWIFT_VERSION = 5.0;
				TARGETED_DEVICE_FAMILY = "1,2";
			};
			name = Release;
		};
/* End XCBuildConfiguration section */

/* Begin XCConfigurationList section */
		01319B5822D833E300D76D1F /* Build configuration list for PBXNativeTarget "ReactionViewTests" */ = {
			isa = XCConfigurationList;
			buildConfigurations = (
				01319B5622D833E300D76D1F /* Debug */,
				01319B5722D833E300D76D1F /* Release */,
			);
			defaultConfigurationIsVisible = 0;
			defaultConfigurationName = Release;
		};
		016732EA22D13EA000BD1D74 /* Build configuration list for PBXProject "ReactionView" */ = {
			isa = XCConfigurationList;
			buildConfigurations = (
				016732FF22D13EA200BD1D74 /* Debug */,
				0167330022D13EA200BD1D74 /* Release */,
			);
			defaultConfigurationIsVisible = 0;
			defaultConfigurationName = Release;
		};
		0167330122D13EA200BD1D74 /* Build configuration list for PBXNativeTarget "ReactionView" */ = {
			isa = XCConfigurationList;
			buildConfigurations = (
				0167330222D13EA200BD1D74 /* Debug */,
				0167330322D13EA200BD1D74 /* Release */,
			);
			defaultConfigurationIsVisible = 0;
			defaultConfigurationName = Release;
		};
/* End XCConfigurationList section */
	};
	rootObject = 016732E722D13EA000BD1D74 /* Project object */;
}
